
Microsoft Visual Studio Solution File, Format Version 12.00
# Visual Studio 14
VisualStudioVersion = 14.0.25420.1
MinimumVisualStudioVersion = 10.0.40219.1
Project("{FAE04EC0-301F-11D3-BF4B-00C04F79EFBC}") = "SampleMobileApp", "SampleMobileApp\SampleMobileApp.csproj", "{7F54FBCB-488B-4558-BE1B-E29489788BA6}"
EndProject
Project("{FAE04EC0-301F-11D3-BF4B-00C04F79EFBC}") = "PrismMobileApp", "PrismMobileApp\PrismMobileApp\PrismMobileApp.csproj", "{9CAA392C-11C8-4935-A617-80E0D2871E07}"
EndProject
Project("{FAE04EC0-301F-11D3-BF4B-00C04F79EFBC}") = "PrismMobileApp.Droid", "PrismMobileApp\PrismMobileApp.Droid\PrismMobileApp.Droid.csproj", "{AA79403A-E072-430B-8CF5-B995C5B408C5}"
EndProject
Project("{FAE04EC0-301F-11D3-BF4B-00C04F79EFBC}") = "PrismMobileApp.iOS", "PrismMobileApp\PrismMobileApp.iOS\PrismMobileApp.iOS.csproj", "{318AA8B4-7D28-426E-9F4F-A07C3C2789C0}"
EndProject
Global
	GlobalSection(SolutionConfigurationPlatforms) = preSolution
		Ad-Hoc|Any CPU = Ad-Hoc|Any CPU
		Ad-Hoc|iPhone = Ad-Hoc|iPhone
		Ad-Hoc|iPhoneSimulator = Ad-Hoc|iPhoneSimulator
		AppStore|Any CPU = AppStore|Any CPU
		AppStore|iPhone = AppStore|iPhone
		AppStore|iPhoneSimulator = AppStore|iPhoneSimulator
		Debug|Any CPU = Debug|Any CPU
		Debug|iPhone = Debug|iPhone
		Debug|iPhoneSimulator = Debug|iPhoneSimulator
		Release|Any CPU = Release|Any CPU
		Release|iPhone = Release|iPhone
		Release|iPhoneSimulator = Release|iPhoneSimulator
	EndGlobalSection
	GlobalSection(ProjectConfigurationPlatforms) = postSolution
		{7F54FBCB-488B-4558-BE1B-E29489788BA6}.Ad-Hoc|Any CPU.ActiveCfg = Release|Any CPU
		{7F54FBCB-488B-4558-BE1B-E29489788BA6}.Ad-Hoc|Any CPU.Build.0 = Release|Any CPU
		{7F54FBCB-488B-4558-BE1B-E29489788BA6}.Ad-Hoc|iPhone.ActiveCfg = Release|Any CPU
		{7F54FBCB-488B-4558-BE1B-E29489788BA6}.Ad-Hoc|iPhone.Build.0 = Release|Any CPU
		{7F54FBCB-488B-4558-BE1B-E29489788BA6}.Ad-Hoc|iPhoneSimulator.ActiveCfg = Release|Any CPU
		{7F54FBCB-488B-4558-BE1B-E29489788BA6}.Ad-Hoc|iPhoneSimulator.Build.0 = Release|Any CPU
		{7F54FBCB-488B-4558-BE1B-E29489788BA6}.AppStore|Any CPU.ActiveCfg = Release|Any CPU
		{7F54FBCB-488B-4558-BE1B-E29489788BA6}.AppStore|Any CPU.Build.0 = Release|Any CPU
		{7F54FBCB-488B-4558-BE1B-E29489788BA6}.AppStore|iPhone.ActiveCfg = Release|Any CPU
		{7F54FBCB-488B-4558-BE1B-E29489788BA6}.AppStore|iPhone.Build.0 = Release|Any CPU
		{7F54FBCB-488B-4558-BE1B-E29489788BA6}.AppStore|iPhoneSimulator.ActiveCfg = Release|Any CPU
		{7F54FBCB-488B-4558-BE1B-E29489788BA6}.AppStore|iPhoneSimulator.Build.0 = Release|Any CPU
		{7F54FBCB-488B-4558-BE1B-E29489788BA6}.Debug|Any CPU.ActiveCfg = Debug|Any CPU
		{7F54FBCB-488B-4558-BE1B-E29489788BA6}.Debug|Any CPU.Build.0 = Debug|Any CPU
		{7F54FBCB-488B-4558-BE1B-E29489788BA6}.Debug|Any CPU.Deploy.0 = Debug|Any CPU
		{7F54FBCB-488B-4558-BE1B-E29489788BA6}.Debug|iPhone.ActiveCfg = Debug|Any CPU
		{7F54FBCB-488B-4558-BE1B-E29489788BA6}.Debug|iPhone.Build.0 = Debug|Any CPU
		{7F54FBCB-488B-4558-BE1B-E29489788BA6}.Debug|iPhoneSimulator.ActiveCfg = Debug|Any CPU
		{7F54FBCB-488B-4558-BE1B-E29489788BA6}.Debug|iPhoneSimulator.Build.0 = Debug|Any CPU
		{7F54FBCB-488B-4558-BE1B-E29489788BA6}.Release|Any CPU.ActiveCfg = Release|Any CPU
		{7F54FBCB-488B-4558-BE1B-E29489788BA6}.Release|Any CPU.Build.0 = Release|Any CPU
		{7F54FBCB-488B-4558-BE1B-E29489788BA6}.Release|iPhone.ActiveCfg = Release|Any CPU
		{7F54FBCB-488B-4558-BE1B-E29489788BA6}.Release|iPhone.Build.0 = Release|Any CPU
		{7F54FBCB-488B-4558-BE1B-E29489788BA6}.Release|iPhoneSimulator.ActiveCfg = Release|Any CPU
		{7F54FBCB-488B-4558-BE1B-E29489788BA6}.Release|iPhoneSimulator.Build.0 = Release|Any CPU
		{9CAA392C-11C8-4935-A617-80E0D2871E07}.Ad-Hoc|Any CPU.ActiveCfg = Release|Any CPU
		{9CAA392C-11C8-4935-A617-80E0D2871E07}.Ad-Hoc|Any CPU.Build.0 = Release|Any CPU
		{9CAA392C-11C8-4935-A617-80E0D2871E07}.Ad-Hoc|iPhone.ActiveCfg = Release|Any CPU
		{9CAA392C-11C8-4935-A617-80E0D2871E07}.Ad-Hoc|iPhone.Build.0 = Release|Any CPU
		{9CAA392C-11C8-4935-A617-80E0D2871E07}.Ad-Hoc|iPhoneSimulator.ActiveCfg = Release|Any CPU
		{9CAA392C-11C8-4935-A617-80E0D2871E07}.Ad-Hoc|iPhoneSimulator.Build.0 = Release|Any CPU
		{9CAA392C-11C8-4935-A617-80E0D2871E07}.AppStore|Any CPU.ActiveCfg = Release|Any CPU
		{9CAA392C-11C8-4935-A617-80E0D2871E07}.AppStore|Any CPU.Build.0 = Release|Any CPU
		{9CAA392C-11C8-4935-A617-80E0D2871E07}.AppStore|iPhone.ActiveCfg = Release|Any CPU
		{9CAA392C-11C8-4935-A617-80E0D2871E07}.AppStore|iPhone.Build.0 = Release|Any CPU
		{9CAA392C-11C8-4935-A617-80E0D2871E07}.AppStore|iPhoneSimulator.ActiveCfg = Release|Any CPU
		{9CAA392C-11C8-4935-A617-80E0D2871E07}.AppStore|iPhoneSimulator.Build.0 = Release|Any CPU
		{9CAA392C-11C8-4935-A617-80E0D2871E07}.Debug|Any CPU.ActiveCfg = Debug|Any CPU
		{9CAA392C-11C8-4935-A617-80E0D2871E07}.Debug|Any CPU.Build.0 = Debug|Any CPU
		{9CAA392C-11C8-4935-A617-80E0D2871E07}.Debug|iPhone.ActiveCfg = Debug|Any CPU
		{9CAA392C-11C8-4935-A617-80E0D2871E07}.Debug|iPhone.Build.0 = Debug|Any CPU
		{9CAA392C-11C8-4935-A617-80E0D2871E07}.Debug|iPhoneSimulator.ActiveCfg = Debug|Any CPU
		{9CAA392C-11C8-4935-A617-80E0D2871E07}.Debug|iPhoneSimulator.Build.0 = Debug|Any CPU
		{9CAA392C-11C8-4935-A617-80E0D2871E07}.Release|Any CPU.ActiveCfg = Release|Any CPU
		{9CAA392C-11C8-4935-A617-80E0D2871E07}.Release|Any CPU.Build.0 = Release|Any CPU
		{9CAA392C-11C8-4935-A617-80E0D2871E07}.Release|iPhone.ActiveCfg = Release|Any CPU
		{9CAA392C-11C8-4935-A617-80E0D2871E07}.Release|iPhone.Build.0 = Release|Any CPU
		{9CAA392C-11C8-4935-A617-80E0D2871E07}.Release|iPhoneSimulator.ActiveCfg = Release|Any CPU
		{9CAA392C-11C8-4935-A617-80E0D2871E07}.Release|iPhoneSimulator.Build.0 = Release|Any CPU
		{AA79403A-E072-430B-8CF5-B995C5B408C5}.Ad-Hoc|Any CPU.ActiveCfg = Release|Any CPU
		{AA79403A-E072-430B-8CF5-B995C5B408C5}.Ad-Hoc|Any CPU.Build.0 = Release|Any CPU
		{AA79403A-E072-430B-8CF5-B995C5B408C5}.Ad-Hoc|Any CPU.Deploy.0 = Release|Any CPU
		{AA79403A-E072-430B-8CF5-B995C5B408C5}.Ad-Hoc|iPhone.ActiveCfg = Release|Any CPU
		{AA79403A-E072-430B-8CF5-B995C5B408C5}.Ad-Hoc|iPhone.Build.0 = Release|Any CPU
		{AA79403A-E072-430B-8CF5-B995C5B408C5}.Ad-Hoc|iPhone.Deploy.0 = Release|Any CPU
		{AA79403A-E072-430B-8CF5-B995C5B408C5}.Ad-Hoc|iPhoneSimulator.ActiveCfg = Release|Any CPU
		{AA79403A-E072-430B-8CF5-B995C5B408C5}.Ad-Hoc|iPhoneSimulator.Build.0 = Release|Any CPU
		{AA79403A-E072-430B-8CF5-B995C5B408C5}.Ad-Hoc|iPhoneSimulator.Deploy.0 = Release|Any CPU
		{AA79403A-E072-430B-8CF5-B995C5B408C5}.AppStore|Any CPU.ActiveCfg = Release|Any CPU
		{AA79403A-E072-430B-8CF5-B995C5B408C5}.AppStore|Any CPU.Build.0 = Release|Any CPU
		{AA79403A-E072-430B-8CF5-B995C5B408C5}.AppStore|Any CPU.Deploy.0 = Release|Any CPU
		{AA79403A-E072-430B-8CF5-B995C5B408C5}.AppStore|iPhone.ActiveCfg = Release|Any CPU
		{AA79403A-E072-430B-8CF5-B995C5B408C5}.AppStore|iPhone.Build.0 = Release|Any CPU
		{AA79403A-E072-430B-8CF5-B995C5B408C5}.AppStore|iPhone.Deploy.0 = Release|Any CPU
		{AA79403A-E072-430B-8CF5-B995C5B408C5}.AppStore|iPhoneSimulator.ActiveCfg = Release|Any CPU
		{AA79403A-E072-430B-8CF5-B995C5B408C5}.AppStore|iPhoneSimulator.Build.0 = Release|Any CPU
		{AA79403A-E072-430B-8CF5-B995C5B408C5}.AppStore|iPhoneSimulator.Deploy.0 = Release|Any CPU
		{AA79403A-E072-430B-8CF5-B995C5B408C5}.Debug|Any CPU.ActiveCfg = Debug|Any CPU
		{AA79403A-E072-430B-8CF5-B995C5B408C5}.Debug|Any CPU.Build.0 = Debug|Any CPU
		{AA79403A-E072-430B-8CF5-B995C5B408C5}.Debug|Any CPU.Deploy.0 = Debug|Any CPU
		{AA79403A-E072-430B-8CF5-B995C5B408C5}.Debug|iPhone.ActiveCfg = Debug|Any CPU
		{AA79403A-E072-430B-8CF5-B995C5B408C5}.Debug|iPhone.Build.0 = Debug|Any CPU
		{AA79403A-E072-430B-8CF5-B995C5B408C5}.Debug|iPhone.Deploy.0 = Debug|Any CPU
		{AA79403A-E072-430B-8CF5-B995C5B408C5}.Debug|iPhoneSimulator.ActiveCfg = Debug|Any CPU
		{AA79403A-E072-430B-8CF5-B995C5B408C5}.Debug|iPhoneSimulator.Build.0 = Debug|Any CPU
		{AA79403A-E072-430B-8CF5-B995C5B408C5}.Debug|iPhoneSimulator.Deploy.0 = Debug|Any CPU
		{AA79403A-E072-430B-8CF5-B995C5B408C5}.Release|Any CPU.ActiveCfg = Release|Any CPU
		{AA79403A-E072-430B-8CF5-B995C5B408C5}.Release|Any CPU.Build.0 = Release|Any CPU
		{AA79403A-E072-430B-8CF5-B995C5B408C5}.Release|Any CPU.Deploy.0 = Release|Any CPU
		{AA79403A-E072-430B-8CF5-B995C5B408C5}.Release|iPhone.ActiveCfg = Release|Any CPU
		{AA79403A-E072-430B-8CF5-B995C5B408C5}.Release|iPhone.Build.0 = Release|Any CPU
		{AA79403A-E072-430B-8CF5-B995C5B408C5}.Release|iPhone.Deploy.0 = Release|Any CPU
		{AA79403A-E072-430B-8CF5-B995C5B408C5}.Release|iPhoneSimulator.ActiveCfg = Release|Any CPU
		{AA79403A-E072-430B-8CF5-B995C5B408C5}.Release|iPhoneSimulator.Build.0 = Release|Any CPU
		{AA79403A-E072-430B-8CF5-B995C5B408C5}.Release|iPhoneSimulator.Deploy.0 = Release|Any CPU
		{318AA8B4-7D28-426E-9F4F-A07C3C2789C0}.Ad-Hoc|Any CPU.ActiveCfg = Ad-Hoc|iPhone
		{318AA8B4-7D28-426E-9F4F-A07C3C2789C0}.Ad-Hoc|iPhone.ActiveCfg = Ad-Hoc|iPhone
		{318AA8B4-7D28-426E-9F4F-A07C3C2789C0}.Ad-Hoc|iPhone.Build.0 = Ad-Hoc|iPhone
		{318AA8B4-7D28-426E-9F4F-A07C3C2789C0}.Ad-Hoc|iPhoneSimulator.ActiveCfg = Ad-Hoc|iPhoneSimulator
		{318AA8B4-7D28-426E-9F4F-A07C3C2789C0}.Ad-Hoc|iPhoneSimulator.Build.0 = Ad-Hoc|iPhoneSimulator
		{318AA8B4-7D28-426E-9F4F-A07C3C2789C0}.AppStore|Any CPU.ActiveCfg = AppStore|iPhone
		{318AA8B4-7D28-426E-9F4F-A07C3C2789C0}.AppStore|iPhone.ActiveCfg = AppStore|iPhone
		{318AA8B4-7D28-426E-9F4F-A07C3C2789C0}.AppStore|iPhone.Build.0 = AppStore|iPhone
		{318AA8B4-7D28-426E-9F4F-A07C3C2789C0}.AppStore|iPhoneSimulator.ActiveCfg = AppStore|iPhoneSimulator
		{318AA8B4-7D28-426E-9F4F-A07C3C2789C0}.AppStore|iPhoneSimulator.Build.0 = AppStore|iPhoneSimulator
		{318AA8B4-7D28-426E-9F4F-A07C3C2789C0}.Debug|Any CPU.ActiveCfg = Debug|iPhone
		{318AA8B4-7D28-426E-9F4F-A07C3C2789C0}.Debug|Any CPU.Build.0 = Debug|iPhone
		{318AA8B4-7D28-426E-9F4F-A07C3C2789C0}.Debug|iPhone.ActiveCfg = Debug|iPhone
		{318AA8B4-7D28-426E-9F4F-A07C3C2789C0}.Debug|iPhone.Build.0 = Debug|iPhone
		{318AA8B4-7D28-426E-9F4F-A07C3C2789C0}.Debug|iPhoneSimulator.ActiveCfg = Debug|iPhoneSimulator
		{318AA8B4-7D28-426E-9F4F-A07C3C2789C0}.Debug|iPhoneSimulator.Build.0 = Debug|iPhoneSimulator
		{318AA8B4-7D28-426E-9F4F-A07C3C2789C0}.Release|Any CPU.ActiveCfg = Release|iPhone
		{318AA8B4-7D28-426E-9F4F-A07C3C2789C0}.Release|iPhone.ActiveCfg = Release|iPhone
		{318AA8B4-7D28-426E-9F4F-A07C3C2789C0}.Release|iPhone.Build.0 = Release|iPhone
		{318AA8B4-7D28-426E-9F4F-A07C3C2789C0}.Release|iPhoneSimulator.ActiveCfg = Release|iPhoneSimulator
		{318AA8B4-7D28-426E-9F4F-A07C3C2789C0}.Release|iPhoneSimulator.Build.0 = Release|iPhoneSimulator
	EndGlobalSection
	GlobalSection(SolutionProperties) = preSolution
		HideSolutionNode = FALSE
	EndGlobalSection
EndGlobal
